
Microsoft Visual Studio Solution File, Format Version 12.00
# Visual Studio Version 17
VisualStudioVersion = 17.5.33424.131
MinimumVisualStudioVersion = 10.0.40219.1
Project("{FAE04EC0-301F-11D3-BF4B-00C04F79EFBC}") = "SeleniumFramework", "SeleniumFramework\SeleniumFramework.csproj", "{FBE803EA-76AA-4F73-844D-D1B87790A6C1}"
EndProject
Project("{FAE04EC0-301F-11D3-BF4B-00C04F79EFBC}") = "SeleniumTests", "SeleniumTests\SeleniumTests.csproj", "{F3217F54-36A5-4C31-8AF4-EA50D4659A8C}"
EndProject
Global
	GlobalSection(SolutionConfigurationPlatforms) = preSolution
		Debug|Any CPU = Debug|Any CPU
		Release|Any CPU = Release|Any CPU
	EndGlobalSection
	GlobalSection(ProjectConfigurationPlatforms) = postSolution
		{FBE803EA-76AA-4F73-844D-D1B87790A6C1}.Debug|Any CPU.ActiveCfg = Debug|Any CPU
		{FBE803EA-76AA-4F73-844D-D1B87790A6C1}.Debug|Any CPU.Build.0 = Debug|Any CPU
		{FBE803EA-76AA-4F73-844D-D1B87790A6C1}.Release|Any CPU.ActiveCfg = Release|Any CPU
		{FBE803EA-76AA-4F73-844D-D1B87790A6C1}.Release|Any CPU.Build.0 = Release|Any CPU
		{F3217F54-36A5-4C31-8AF4-EA50D4659A8C}.Debug|Any CPU.ActiveCfg = Debug|Any CPU
		{F3217F54-36A5-4C31-8AF4-EA50D4659A8C}.Debug|Any CPU.Build.0 = Debug|Any CPU
		{F3217F54-36A5-4C31-8AF4-EA50D4659A8C}.Release|Any CPU.ActiveCfg = Release|Any CPU
		{F3217F54-36A5-4C31-8AF4-EA50D4659A8C}.Release|Any CPU.Build.0 = Release|Any CPU
	EndGlobalSection
	GlobalSection(SolutionProperties) = preSolution
		HideSolutionNode = FALSE
	EndGlobalSection
	GlobalSection(ExtensibilityGlobals) = postSolution
		SolutionGuid = {433BB2AD-1A70-4B39-B077-667A38AF8540}
	EndGlobalSection
EndGlobal
